// !$*UTF8*$!
{
	archiveVersion = 1;
	classes = {
	};
	objectVersion = 56;
	objects = {

/* Begin PBXBuildFile section */
		9FED787829C2A42400DFD198 /* TestGridPathApp.swift in Sources */ = {isa = PBXBuildFile; fileRef = 9FED787729C2A42400DFD198 /* TestGridPathApp.swift */; };
		9FED787A29C2A42400DFD198 /* ContentView.swift in Sources */ = {isa = PBXBuildFile; fileRef = 9FED787929C2A42400DFD198 /* ContentView.swift */; };
		9FED787C29C2A42500DFD198 /* Assets.xcassets in Resources */ = {isa = PBXBuildFile; fileRef = 9FED787B29C2A42500DFD198 /* Assets.xcassets */; };
		9FED787F29C2A42500DFD198 /* Preview Assets.xcassets in Resources */ = {isa = PBXBuildFile; fileRef = 9FED787E29C2A42500DFD198 /* Preview Assets.xcassets */; };
		9FED788729CB43A300DFD198 /* DbmLinesView.swift in Sources */ = {isa = PBXBuildFile; fileRef = 9FED788629CB43A300DFD198 /* DbmLinesView.swift */; };
		9FED788929CB446100DFD198 /* DbmLegendView.swift in Sources */ = {isa = PBXBuildFile; fileRef = 9FED788829CB446100DFD198 /* DbmLegendView.swift */; };
		9FED788B29CB455E00DFD198 /* FrequencyLinesView.swift in Sources */ = {isa = PBXBuildFile; fileRef = 9FED788A29CB455E00DFD198 /* FrequencyLinesView.swift */; };
		9FED788D29CB463C00DFD198 /* FrequencyLegendView.swift in Sources */ = {isa = PBXBuildFile; fileRef = 9FED788C29CB463C00DFD198 /* FrequencyLegendView.swift */; };
/* End PBXBuildFile section */

/* Begin PBXFileReference section */
		9FED787429C2A42400DFD198 /* TestGridPath.app */ = {isa = PBXFileReference; explicitFileType = wrapper.application; includeInIndex = 0; path = TestGridPath.app; sourceTree = BUILT_PRODUCTS_DIR; };
		9FED787729C2A42400DFD198 /* TestGridPathApp.swift */ = {isa = PBXFileReference; lastKnownFileType = sourcecode.swift; path = TestGridPathApp.swift; sourceTree = "<group>"; };
		9FED787929C2A42400DFD198 /* ContentView.swift */ = {isa = PBXFileReference; lastKnownFileType = sourcecode.swift; path = ContentView.swift; sourceTree = "<group>"; };
		9FED787B29C2A42500DFD198 /* Assets.xcassets */ = {isa = PBXFileReference; lastKnownFileType = folder.assetcatalog; path = Assets.xcassets; sourceTree = "<group>"; };
		9FED787E29C2A42500DFD198 /* Preview Assets.xcassets */ = {isa = PBXFileReference; lastKnownFileType = folder.assetcatalog; path = "Preview Assets.xcassets"; sourceTree = "<group>"; };
		9FED788029C2A42500DFD198 /* TestGridPath.entitlements */ = {isa = PBXFileReference; lastKnownFileType = text.plist.entitlements; path = TestGridPath.entitlements; sourceTree = "<group>"; };
		9FED788629CB43A300DFD198 /* DbmLinesView.swift */ = {isa = PBXFileReference; lastKnownFileType = sourcecode.swift; path = DbmLinesView.swift; sourceTree = "<group>"; };
		9FED788829CB446100DFD198 /* DbmLegendView.swift */ = {isa = PBXFileReference; lastKnownFileType = sourcecode.swift; path = DbmLegendView.swift; sourceTree = "<group>"; };
		9FED788A29CB455E00DFD198 /* FrequencyLinesView.swift */ = {isa = PBXFileReference; lastKnownFileType = sourcecode.swift; path = FrequencyLinesView.swift; sourceTree = "<group>"; };
		9FED788C29CB463C00DFD198 /* FrequencyLegendView.swift */ = {isa = PBXFileReference; lastKnownFileType = sourcecode.swift; path = FrequencyLegendView.swift; sourceTree = "<group>"; };
/* End PBXFileReference section */

/* Begin PBXFrameworksBuildPhase section */
		9FED787129C2A42400DFD198 /* Frameworks */ = {
			isa = PBXFrameworksBuildPhase;
			buildActionMask = 2147483647;
			files = (
			);
			runOnlyForDeploymentPostprocessing = 0;
		};
/* End PBXFrameworksBuildPhase section */

/* Begin PBXGroup section */
		9FED786B29C2A42400DFD198 = {
			isa = PBXGroup;
			children = (
				9FED787629C2A42400DFD198 /* TestGridPath */,
				9FED787529C2A42400DFD198 /* Products */,
			);
			sourceTree = "<group>";
		};
		9FED787529C2A42400DFD198 /* Products */ = {
			isa = PBXGroup;
			children = (
				9FED787429C2A42400DFD198 /* TestGridPath.app */,
			);
			name = Products;
			sourceTree = "<group>";
		};
		9FED787629C2A42400DFD198 /* TestGridPath */ = {
			isa = PBXGroup;
			children = (
				9FED787729C2A42400DFD198 /* TestGridPathApp.swift */,
				9FED787929C2A42400DFD198 /* ContentView.swift */,
				9FED787B29C2A42500DFD198 /* Assets.xcassets */,
				9FED788029C2A42500DFD198 /* TestGridPath.entitlements */,
				9FED787D29C2A42500DFD198 /* Preview Content */,
				9FED788629CB43A300DFD198 /* DbmLinesView.swift */,
				9FED788829CB446100DFD198 /* DbmLegendView.swift */,
				9FED788A29CB455E00DFD198 /* FrequencyLinesView.swift */,
				9FED788C29CB463C00DFD198 /* FrequencyLegendView.swift */,
			);
			path = TestGridPath;
			sourceTree = "<group>";
		};
		9FED787D29C2A42500DFD198 /* Preview Content */ = {
			isa = PBXGroup;
			children = (
				9FED787E29C2A42500DFD198 /* Preview Assets.xcassets */,
			);
			path = "Preview Content";
			sourceTree = "<group>";
		};
/* End PBXGroup section */

/* Begin PBXNativeTarget section */
		9FED787329C2A42400DFD198 /* TestGridPath */ = {
			isa = PBXNativeTarget;
			buildConfigurationList = 9FED788329C2A42500DFD198 /* Build configuration list for PBXNativeTarget "TestGridPath" */;
			buildPhases = (
				9FED787029C2A42400DFD198 /* Sources */,
				9FED787129C2A42400DFD198 /* Frameworks */,
				9FED787229C2A42400DFD198 /* Resources */,
			);
			buildRules = (
			);
			dependencies = (
			);
			name = TestGridPath;
			productName = TestGridPath;
			productReference = 9FED787429C2A42400DFD198 /* TestGridPath.app */;
			productType = "com.apple.product-type.application";
		};
/* End PBXNativeTarget section */

/* Begin PBXProject section */
		9FED786C29C2A42400DFD198 /* Project object */ = {
			isa = PBXProject;
			attributes = {
				BuildIndependentTargetsInParallel = 1;
				LastSwiftUpdateCheck = 1420;
				LastUpgradeCheck = 1420;
				TargetAttributes = {
					9FED787329C2A42400DFD198 = {
						CreatedOnToolsVersion = 14.2;
					};
				};
			};
			buildConfigurationList = 9FED786F29C2A42400DFD198 /* Build configuration list for PBXProject "TestGridPath" */;
			compatibilityVersion = "Xcode 14.0";
			developmentRegion = en;
			hasScannedForEncodings = 0;
			knownRegions = (
				en,
				Base,
			);
			mainGroup = 9FED786B29C2A42400DFD198;
			productRefGroup = 9FED787529C2A42400DFD198 /* Products */;
			projectDirPath = "";
			projectRoot = "";
			targets = (
				9FED787329C2A42400DFD198 /* TestGridPath */,
			);
		};
/* End PBXProject section */

/* Begin PBXResourcesBuildPhase section */
		9FED787229C2A42400DFD198 /* Resources */ = {
			isa = PBXResourcesBuildPhase;
			buildActionMask = 2147483647;
			files = (
				9FED787F29C2A42500DFD198 /* Preview Assets.xcassets in Resources */,
				9FED787C29C2A42500DFD198 /* Assets.xcassets in Resources */,
			);
			runOnlyForDeploymentPostprocessing = 0;
		};
/* End PBXResourcesBuildPhase section */

/* Begin PBXSourcesBuildPhase section */
		9FED787029C2A42400DFD198 /* Sources */ = {
			isa = PBXSourcesBuildPhase;
			buildActionMask = 2147483647;
			files = (
				9FED787A29C2A42400DFD198 /* ContentView.swift in Sources */,
				9FED787829C2A42400DFD198 /* TestGridPathApp.swift in Sources */,
				9FED788D29CB463C00DFD198 /* FrequencyLegendView.swift in Sources */,
				9FED788729CB43A300DFD198 /* DbmLinesView.swift in Sources */,
				9FED788929CB446100DFD198 /* DbmLegendView.swift in Sources */,
				9FED788B29CB455E00DFD198 /* FrequencyLinesView.swift in Sources */,
			);
			runOnlyForDeploymentPostprocessing = 0;
		};
/* End PBXSourcesBuildPhase section */

/* Begin XCBuildConfiguration section */
		9FED788129C2A42500DFD198 /* Debug */ = {
			isa = XCBuildConfiguration;
			buildSettings = {
				ALWAYS_SEARCH_USER_PATHS = NO;
				CLANG_ANALYZER_NONNULL = YES;
				CLANG_ANALYZER_NUMBER_OBJECT_CONVERSION = YES_AGGRESSIVE;
				CLANG_CXX_LANGUAGE_STANDARD = "gnu++20";
				CLANG_ENABLE_MODULES = YES;
				CLANG_ENABLE_OBJC_ARC = YES;
				CLANG_ENABLE_OBJC_WEAK = YES;
				CLANG_WARN_BLOCK_CAPTURE_AUTORELEASING = YES;
				CLANG_WARN_BOOL_CONVERSION = YES;
				CLANG_WARN_COMMA = YES;
				CLANG_WARN_CONSTANT_CONVERSION = YES;
				CLANG_WARN_DEPRECATED_OBJC_IMPLEMENTATIONS = YES;
				CLANG_WARN_DIRECT_OBJC_ISA_USAGE = YES_ERROR;
				CLANG_WARN_DOCUMENTATION_COMMENTS = YES;
				CLANG_WARN_EMPTY_BODY = YES;
				CLANG_WARN_ENUM_CONVERSION = YES;
				CLANG_WARN_INFINITE_RECURSION = YES;
				CLANG_WARN_INT_CONVERSION = YES;
				CLANG_WARN_NON_LITERAL_NULL_CONVERSION = YES;
				CLANG_WARN_OBJC_IMPLICIT_RETAIN_SELF = YES;
				CLANG_WARN_OBJC_LITERAL_CONVERSION = YES;
				CLANG_WARN_OBJC_ROOT_CLASS = YES_ERROR;
				CLANG_WARN_QUOTED_INCLUDE_IN_FRAMEWORK_HEADER = YES;
				CLANG_WARN_RANGE_LOOP_ANALYSIS = YES;
				CLANG_WARN_STRICT_PROTOTYPES = YES;
				CLANG_WARN_SUSPICIOUS_MOVE = YES;
				CLANG_WARN_UNGUARDED_AVAILABILITY = YES_AGGRESSIVE;
				CLANG_WARN_UNREACHABLE_CODE = YES;
				CLANG_WARN__DUPLICATE_METHOD_MATCH = YES;
				COPY_PHASE_STRIP = NO;
				DEBUG_INFORMATION_FORMAT = dwarf;
				ENABLE_STRICT_OBJC_MSGSEND = YES;
				ENABLE_TESTABILITY = YES;
				GCC_C_LANGUAGE_STANDARD = gnu11;
				GCC_DYNAMIC_NO_PIC = NO;
				GCC_NO_COMMON_BLOCKS = YES;
				GCC_OPTIMIZATION_LEVEL = 0;
				GCC_PREPROCESSOR_DEFINITIONS = (
					"DEBUG=1",
					"$(inherited)",
				);
				GCC_WARN_64_TO_32_BIT_CONVERSION = YES;
				GCC_WARN_ABOUT_RETURN_TYPE = YES_ERROR;
				GCC_WARN_UNDECLARED_SELECTOR = YES;
				GCC_WARN_UNINITIALIZED_AUTOS = YES_AGGRESSIVE;
				GCC_WARN_UNUSED_FUNCTION = YES;
				GCC_WARN_UNUSED_VARIABLE = YES;
				MACOSX_DEPLOYMENT_TARGET = 13.1;
				MTL_ENABLE_DEBUG_INFO = INCLUDE_SOURCE;
				MTL_FAST_MATH = YES;
				ONLY_ACTIVE_ARCH = YES;
				SDKROOT = macosx;
				SWIFT_ACTIVE_COMPILATION_CONDITIONS = DEBUG;
				SWIFT_OPTIMIZATION_LEVEL = "-Onone";
			};
			name = Debug;
		};
		9FED788229C2A42500DFD198 /* Release */ = {
			isa = XCBuildConfiguration;
			buildSettings = {
				ALWAYS_SEARCH_USER_PATHS = NO;
				CLANG_ANALYZER_NONNULL = YES;
				CLANG_ANALYZER_NUMBER_OBJECT_CONVERSION = YES_AGGRESSIVE;
				CLANG_CXX_LANGUAGE_STANDARD = "gnu++20";
				CLANG_ENABLE_MODULES = YES;
				CLANG_ENABLE_OBJC_ARC = YES;
				CLANG_ENABLE_OBJC_WEAK = YES;
				CLANG_WARN_BLOCK_CAPTURE_AUTORELEASING = YES;
				CLANG_WARN_BOOL_CONVERSION = YES;
				CLANG_WARN_COMMA = YES;
				CLANG_WARN_CONSTANT_CONVERSION = YES;
				CLANG_WARN_DEPRECATED_OBJC_IMPLEMENTATIONS = YES;
				CLANG_WARN_DIRECT_OBJC_ISA_USAGE = YES_ERROR;
				CLANG_WARN_DOCUMENTATION_COMMENTS = YES;
				CLANG_WARN_EMPTY_BODY = YES;
				CLANG_WARN_ENUM_CONVERSION = YES;
				CLANG_WARN_INFINITE_RECURSION = YES;
				CLANG_WARN_INT_CONVERSION = YES;
				CLANG_WARN_NON_LITERAL_NULL_CONVERSION = YES;
				CLANG_WARN_OBJC_IMPLICIT_RETAIN_SELF = YES;
				CLANG_WARN_OBJC_LITERAL_CONVERSION = YES;
				CLANG_WARN_OBJC_ROOT_CLASS = YES_ERROR;
				CLANG_WARN_QUOTED_INCLUDE_IN_FRAMEWORK_HEADER = YES;
				CLANG_WARN_RANGE_LOOP_ANALYSIS = YES;
				CLANG_WARN_STRICT_PROTOTYPES = YES;
				CLANG_WARN_SUSPICIOUS_MOVE = YES;
				CLANG_WARN_UNGUARDED_AVAILABILITY = YES_AGGRESSIVE;
				CLANG_WARN_UNREACHABLE_CODE = YES;
				CLANG_WARN__DUPLICATE_METHOD_MATCH = YES;
				COPY_PHASE_STRIP = NO;
				DEBUG_INFORMATION_FORMAT = "dwarf-with-dsym";
				ENABLE_NS_ASSERTIONS = NO;
				ENABLE_STRICT_OBJC_MSGSEND = YES;
				GCC_C_LANGUAGE_STANDARD = gnu11;
				GCC_NO_COMMON_BLOCKS = YES;
				GCC_WARN_64_TO_32_BIT_CONVERSION = YES;
				GCC_WARN_ABOUT_RETURN_TYPE = YES_ERROR;
				GCC_WARN_UNDECLARED_SELECTOR = YES;
				GCC_WARN_UNINITIALIZED_AUTOS = YES_AGGRESSIVE;
				GCC_WARN_UNUSED_FUNCTION = YES;
				GCC_WARN_UNUSED_VARIABLE = YES;
				MACOSX_DEPLOYMENT_TARGET = 13.1;
				MTL_ENABLE_DEBUG_INFO = NO;
				MTL_FAST_MATH = YES;
				SDKROOT = macosx;
				SWIFT_COMPILATION_MODE = wholemodule;
				SWIFT_OPTIMIZATION_LEVEL = "-O";
			};
			name = Release;
		};
		9FED788429C2A42500DFD198 /* Debug */ = {
			isa = XCBuildConfiguration;
			buildSettings = {
				ASSETCATALOG_COMPILER_APPICON_NAME = AppIcon;
				ASSETCATALOG_COMPILER_GLOBAL_ACCENT_COLOR_NAME = AccentColor;
				CODE_SIGN_ENTITLEMENTS = TestGridPath/TestGridPath.entitlements;
				CODE_SIGN_STYLE = Automatic;
				COMBINE_HIDPI_IMAGES = YES;
				CURRENT_PROJECT_VERSION = 1;
				DEVELOPMENT_ASSET_PATHS = "\"TestGridPath/Preview Content\"";
				DEVELOPMENT_TEAM = EE5B8TYXGA;
				ENABLE_HARDENED_RUNTIME = YES;
				ENABLE_PREVIEWS = YES;
				GENERATE_INFOPLIST_FILE = YES;
				INFOPLIST_KEY_NSHumanReadableCopyright = "";
				LD_RUNPATH_SEARCH_PATHS = (
					"$(inherited)",
					"@executable_path/../Frameworks",
				);
				MARKETING_VERSION = 1.3;
				PRODUCT_BUNDLE_IDENTIFIER = net.k3tzr.TestGridPath;
				PRODUCT_NAME = "$(TARGET_NAME)";
				SWIFT_EMIT_LOC_STRINGS = YES;
				SWIFT_VERSION = 5.0;
			};
			name = Debug;
		};
		9FED788529C2A42500DFD198 /* Release */ = {
			isa = XCBuildConfiguration;
			buildSettings = {
				ASSETCATALOG_COMPILER_APPICON_NAME = AppIcon;
				ASSETCATALOG_COMPILER_GLOBAL_ACCENT_COLOR_NAME = AccentColor;
				CODE_SIGN_ENTITLEMENTS = TestGridPath/TestGridPath.entitlements;
				CODE_SIGN_STYLE = Automatic;
				COMBINE_HIDPI_IMAGES = YES;
				CURRENT_PROJECT_VERSION = 1;
				DEVELOPMENT_ASSET_PATHS = "\"TestGridPath/Preview Content\"";
				DEVELOPMENT_TEAM = EE5B8TYXGA;
				ENABLE_HARDENED_RUNTIME = YES;
				ENABLE_PREVIEWS = YES;
				GENERATE_INFOPLIST_FILE = YES;
				INFOPLIST_KEY_NSHumanReadableCopyright = "";
				LD_RUNPATH_SEARCH_PATHS = (
					"$(inherited)",
					"@executable_path/../Frameworks",
				);
				MARKETING_VERSION = 1.3;
				PRODUCT_BUNDLE_IDENTIFIER = net.k3tzr.TestGridPath;
				PRODUCT_NAME = "$(TARGET_NAME)";
				SWIFT_EMIT_LOC_STRINGS = YES;
				SWIFT_VERSION = 5.0;
			};
			name = Release;
		};
/* End XCBuildConfiguration section */

/* Begin XCConfigurationList section */
		9FED786F29C2A42400DFD198 /* Build configuration list for PBXProject "TestGridPath" */ = {
			isa = XCConfigurationList;
			buildConfigurations = (
				9FED788129C2A42500DFD198 /* Debug */,
				9FED788229C2A42500DFD198 /* Release */,
			);
			defaultConfigurationIsVisible = 0;
			defaultConfigurationName = Release;
		};
		9FED788329C2A42500DFD198 /* Build configuration list for PBXNativeTarget "TestGridPath" */ = {
			isa = XCConfigurationList;
			buildConfigurations = (
				9FED788429C2A42500DFD198 /* Debug */,
				9FED788529C2A42500DFD198 /* Release */,
			);
			defaultConfigurationIsVisible = 0;
			defaultConfigurationName = Release;
		};
/* End XCConfigurationList section */
	};
	rootObject = 9FED786C29C2A42400DFD198 /* Project object */;
}
